
Microsoft Visual Studio Solution File, Format Version 12.00
# Visual Studio Version 16
VisualStudioVersion = 16.0.30204.135
MinimumVisualStudioVersion = 10.0.40219.1
Project("{FAE04EC0-301F-11D3-BF4B-00C04F79EFBC}") = "StockApi", "StockApi\StockApi.csproj", "{A27F7A2C-42EF-400C-AC34-774C561E447C}"
EndProject
Project("{FAE04EC0-301F-11D3-BF4B-00C04F79EFBC}") = "StockDAO", "StockDAO\StockDAO.csproj", "{C199E696-8B1E-4C2C-8379-E60DD23F5317}"
EndProject
Project("{FAE04EC0-301F-11D3-BF4B-00C04F79EFBC}") = "StockBO", "StockBO\StockBO.csproj", "{62A33BA4-F915-491D-9E84-44AD41C00902}"
EndProject
Global
	GlobalSection(SolutionConfigurationPlatforms) = preSolution
		Debug|Any CPU = Debug|Any CPU
		Release|Any CPU = Release|Any CPU
	EndGlobalSection
	GlobalSection(ProjectConfigurationPlatforms) = postSolution
		{A27F7A2C-42EF-400C-AC34-774C561E447C}.Debug|Any CPU.ActiveCfg = Debug|Any CPU
		{A27F7A2C-42EF-400C-AC34-774C561E447C}.Debug|Any CPU.Build.0 = Debug|Any CPU
		{A27F7A2C-42EF-400C-AC34-774C561E447C}.Release|Any CPU.ActiveCfg = Release|Any CPU
		{A27F7A2C-42EF-400C-AC34-774C561E447C}.Release|Any CPU.Build.0 = Release|Any CPU
		{C199E696-8B1E-4C2C-8379-E60DD23F5317}.Debug|Any CPU.ActiveCfg = Debug|Any CPU
		{C199E696-8B1E-4C2C-8379-E60DD23F5317}.Debug|Any CPU.Build.0 = Debug|Any CPU
		{C199E696-8B1E-4C2C-8379-E60DD23F5317}.Release|Any CPU.ActiveCfg = Release|Any CPU
		{C199E696-8B1E-4C2C-8379-E60DD23F5317}.Release|Any CPU.Build.0 = Release|Any CPU
		{62A33BA4-F915-491D-9E84-44AD41C00902}.Debug|Any CPU.ActiveCfg = Debug|Any CPU
		{62A33BA4-F915-491D-9E84-44AD41C00902}.Debug|Any CPU.Build.0 = Debug|Any CPU
		{62A33BA4-F915-491D-9E84-44AD41C00902}.Release|Any CPU.ActiveCfg = Release|Any CPU
		{62A33BA4-F915-491D-9E84-44AD41C00902}.Release|Any CPU.Build.0 = Release|Any CPU
	EndGlobalSection
	GlobalSection(SolutionProperties) = preSolution
		HideSolutionNode = FALSE
	EndGlobalSection
	GlobalSection(ExtensibilityGlobals) = postSolution
		SolutionGuid = {5D03190F-5C3D-4FF0-B8D4-5D4A646E96D0}
	EndGlobalSection
EndGlobal
